
Microsoft Visual Studio Solution File, Format Version 12.00
# Visual Studio Version 17
VisualStudioVersion = 17.4.33205.214
MinimumVisualStudioVersion = 10.0.40219.1
Project("{FAE04EC0-301F-11D3-BF4B-00C04F79EFBC}") = "AzureADTest", "AzureADTest\AzureADTest.csproj", "{012B6B7E-E773-4412-8656-F41F31A1F998}"
EndProject
Global
	GlobalSection(SolutionConfigurationPlatforms) = preSolution
		Debug|Any CPU = Debug|Any CPU
		Release|Any CPU = Release|Any CPU
	EndGlobalSection
	GlobalSection(ProjectConfigurationPlatforms) = postSolution
		{012B6B7E-E773-4412-8656-F41F31A1F998}.Debug|Any CPU.ActiveCfg = Debug|Any CPU
		{012B6B7E-E773-4412-8656-F41F31A1F998}.Debug|Any CPU.Build.0 = Debug|Any CPU
		{012B6B7E-E773-4412-8656-F41F31A1F998}.Release|Any CPU.ActiveCfg = Release|Any CPU
		{012B6B7E-E773-4412-8656-F41F31A1F998}.Release|Any CPU.Build.0 = Release|Any CPU
	EndGlobalSection
	GlobalSection(SolutionProperties) = preSolution
		HideSolutionNode = FALSE
	EndGlobalSection
	GlobalSection(ExtensibilityGlobals) = postSolution
		SolutionGuid = {9D9C64C7-F39D-4CB8-8477-BAB1459A2A3D}
	EndGlobalSection
EndGlobal
